
Microsoft Visual Studio Solution File, Format Version 12.00
# Visual Studio 15
VisualStudioVersion = 15.0.28307.705
MinimumVisualStudioVersion = 10.0.40219.1
Project("{8BC9CEB8-8B4A-11D0-8D11-00A0C91BC942}") = "AnyBarWin", "AnyBarWin\AnyBarWin.vcxproj", "{6CACC87E-AF99-40C1-BB19-E3E1B0A785CD}"
EndProject
Project("{8BC9CEB8-8B4A-11D0-8D11-00A0C91BC942}") = "AnyBarWinClient", "AnyBarWinClient\AnyBarWinClient.vcxproj", "{F0272925-E15E-4A8F-B9BF-37FA242D1DC1}"
EndProject
Project("{8BC9CEB8-8B4A-11D0-8D11-00A0C91BC942}") = "Tests", "Tests\Tests.vcxproj", "{D7C79615-DB67-4341-87B0-FFA74321C782}"
EndProject
Project("{54435603-DBB4-11D2-8724-00A0C9A8B90C}") = "Setup", "Setup\Setup.vdproj", "{20382EFA-5600-4AFC-B150-E60301602E35}"
EndProject
Global
	GlobalSection(SolutionConfigurationPlatforms) = preSolution
		Debug|x64 = Debug|x64
		Debug|x86 = Debug|x86
		Release|x64 = Release|x64
		Release|x86 = Release|x86
	EndGlobalSection
	GlobalSection(ProjectConfigurationPlatforms) = postSolution
		{6CACC87E-AF99-40C1-BB19-E3E1B0A785CD}.Debug|x64.ActiveCfg = Debug|x64
		{6CACC87E-AF99-40C1-BB19-E3E1B0A785CD}.Debug|x64.Build.0 = Debug|x64
		{6CACC87E-AF99-40C1-BB19-E3E1B0A785CD}.Debug|x86.ActiveCfg = Debug|Win32
		{6CACC87E-AF99-40C1-BB19-E3E1B0A785CD}.Debug|x86.Build.0 = Debug|Win32
		{6CACC87E-AF99-40C1-BB19-E3E1B0A785CD}.Release|x64.ActiveCfg = Release|x64
		{6CACC87E-AF99-40C1-BB19-E3E1B0A785CD}.Release|x64.Build.0 = Release|x64
		{6CACC87E-AF99-40C1-BB19-E3E1B0A785CD}.Release|x86.ActiveCfg = Release|Win32
		{6CACC87E-AF99-40C1-BB19-E3E1B0A785CD}.Release|x86.Build.0 = Release|Win32
		{F0272925-E15E-4A8F-B9BF-37FA242D1DC1}.Debug|x64.ActiveCfg = Debug|x64
		{F0272925-E15E-4A8F-B9BF-37FA242D1DC1}.Debug|x64.Build.0 = Debug|x64
		{F0272925-E15E-4A8F-B9BF-37FA242D1DC1}.Debug|x86.ActiveCfg = Debug|Win32
		{F0272925-E15E-4A8F-B9BF-37FA242D1DC1}.Debug|x86.Build.0 = Debug|Win32
		{F0272925-E15E-4A8F-B9BF-37FA242D1DC1}.Release|x64.ActiveCfg = Release|x64
		{F0272925-E15E-4A8F-B9BF-37FA242D1DC1}.Release|x64.Build.0 = Release|x64
		{F0272925-E15E-4A8F-B9BF-37FA242D1DC1}.Release|x86.ActiveCfg = Release|Win32
		{F0272925-E15E-4A8F-B9BF-37FA242D1DC1}.Release|x86.Build.0 = Release|Win32
		{D7C79615-DB67-4341-87B0-FFA74321C782}.Debug|x64.ActiveCfg = Debug|x64
		{D7C79615-DB67-4341-87B0-FFA74321C782}.Debug|x64.Build.0 = Debug|x64
		{D7C79615-DB67-4341-87B0-FFA74321C782}.Debug|x86.ActiveCfg = Debug|Win32
		{D7C79615-DB67-4341-87B0-FFA74321C782}.Debug|x86.Build.0 = Debug|Win32
		{D7C79615-DB67-4341-87B0-FFA74321C782}.Release|x64.ActiveCfg = Release|x64
		{D7C79615-DB67-4341-87B0-FFA74321C782}.Release|x64.Build.0 = Release|x64
		{D7C79615-DB67-4341-87B0-FFA74321C782}.Release|x86.ActiveCfg = Release|Win32
		{D7C79615-DB67-4341-87B0-FFA74321C782}.Release|x86.Build.0 = Release|Win32
		{20382EFA-5600-4AFC-B150-E60301602E35}.Debug|x64.ActiveCfg = Debug
		{20382EFA-5600-4AFC-B150-E60301602E35}.Debug|x86.ActiveCfg = Debug
		{20382EFA-5600-4AFC-B150-E60301602E35}.Release|x64.ActiveCfg = Release
		{20382EFA-5600-4AFC-B150-E60301602E35}.Release|x86.ActiveCfg = Release
	EndGlobalSection
	GlobalSection(SolutionProperties) = preSolution
		HideSolutionNode = FALSE
	EndGlobalSection
	GlobalSection(ExtensibilityGlobals) = postSolution
		SolutionGuid = {333D8B13-B5EF-4FC1-8520-80888D62A7D1}
	EndGlobalSection
EndGlobal
